// !$*UTF8*$!
{
	archiveVersion = 1;
	classes = {
	};
	objectVersion = 46;
	objects = {

/* Begin PBXBuildFile section */
		5C2DFDDC1EDE17A7001C4A9D /* AppDelegate.swift in Sources */ = {isa = PBXBuildFile; fileRef = 5C2DFDDB1EDE17A7001C4A9D /* AppDelegate.swift */; };
		5C2DFDDE1EDE17A7001C4A9D /* RecordSoundsViewController.swift in Sources */ = {isa = PBXBuildFile; fileRef = 5C2DFDDD1EDE17A7001C4A9D /* RecordSoundsViewController.swift */; };
		5C2DFDE11EDE17A7001C4A9D /* Main.storyboard in Resources */ = {isa = PBXBuildFile; fileRef = 5C2DFDDF1EDE17A7001C4A9D /* Main.storyboard */; };
		5C2DFDE31EDE17A7001C4A9D /* Assets.xcassets in Resources */ = {isa = PBXBuildFile; fileRef = 5C2DFDE21EDE17A7001C4A9D /* Assets.xcassets */; };
		5C2DFDE61EDE17A7001C4A9D /* LaunchScreen.storyboard in Resources */ = {isa = PBXBuildFile; fileRef = 5C2DFDE41EDE17A7001C4A9D /* LaunchScreen.storyboard */; };
		5C7FB1581EE74F1800E17A47 /* playSoundsViewController.swift in Sources */ = {isa = PBXBuildFile; fileRef = 5C7FB1571EE74F1800E17A47 /* playSoundsViewController.swift */; };
		5C7FB15E1EEB42C400E17A47 /* playsoundsviewcontroller-audio.swift in Sources */ = {isa = PBXBuildFile; fileRef = 5C7FB15D1EEB42C400E17A47 /* playsoundsviewcontroller-audio.swift */; };
/* End PBXBuildFile section */

/* Begin PBXFileReference section */
		5C2DFDD81EDE17A7001C4A9D /* Pitch Perfect.app */ = {isa = PBXFileReference; explicitFileType = wrapper.application; includeInIndex = 0; path = "Pitch Perfect.app"; sourceTree = BUILT_PRODUCTS_DIR; };
		5C2DFDDB1EDE17A7001C4A9D /* AppDelegate.swift */ = {isa = PBXFileReference; lastKnownFileType = sourcecode.swift; path = AppDelegate.swift; sourceTree = "<group>"; };
		5C2DFDDD1EDE17A7001C4A9D /* RecordSoundsViewController.swift */ = {isa = PBXFileReference; lastKnownFileType = sourcecode.swift; path = RecordSoundsViewController.swift; sourceTree = "<group>"; };
		5C2DFDE01EDE17A7001C4A9D /* Base */ = {isa = PBXFileReference; lastKnownFileType = file.storyboard; name = Base; path = Base.lproj/Main.storyboard; sourceTree = "<group>"; };
		5C2DFDE21EDE17A7001C4A9D /* Assets.xcassets */ = {isa = PBXFileReference; lastKnownFileType = folder.assetcatalog; path = Assets.xcassets; sourceTree = "<group>"; };
		5C2DFDE51EDE17A7001C4A9D /* Base */ = {isa = PBXFileReference; lastKnownFileType = file.storyboard; name = Base; path = Base.lproj/LaunchScreen.storyboard; sourceTree = "<group>"; };
		5C2DFDE71EDE17A7001C4A9D /* Info.plist */ = {isa = PBXFileReference; lastKnownFileType = text.plist.xml; path = Info.plist; sourceTree = "<group>"; };
		5C7FB1571EE74F1800E17A47 /* playSoundsViewController.swift */ = {isa = PBXFileReference; fileEncoding = 4; lastKnownFileType = sourcecode.swift; path = playSoundsViewController.swift; sourceTree = "<group>"; };
		5C7FB15D1EEB42C400E17A47 /* playsoundsviewcontroller-audio.swift */ = {isa = PBXFileReference; fileEncoding = 4; lastKnownFileType = sourcecode.swift; path = "playsoundsviewcontroller-audio.swift"; sourceTree = "<group>"; };
/* End PBXFileReference section */

/* Begin PBXFrameworksBuildPhase section */
		5C2DFDD51EDE17A7001C4A9D /* Frameworks */ = {
			isa = PBXFrameworksBuildPhase;
			buildActionMask = 2147483647;
			files = (
			);
			runOnlyForDeploymentPostprocessing = 0;
		};
/* End PBXFrameworksBuildPhase section */

/* Begin PBXGroup section */
		5C2DFDCF1EDE17A7001C4A9D = {
			isa = PBXGroup;
			children = (
				5C2DFDDA1EDE17A7001C4A9D /* Pitch Perfect */,
				5C2DFDD91EDE17A7001C4A9D /* Products */,
			);
			sourceTree = "<group>";
		};
		5C2DFDD91EDE17A7001C4A9D /* Products */ = {
			isa = PBXGroup;
			children = (
				5C2DFDD81EDE17A7001C4A9D /* Pitch Perfect.app */,
			);
			name = Products;
			sourceTree = "<group>";
		};
		5C2DFDDA1EDE17A7001C4A9D /* Pitch Perfect */ = {
			isa = PBXGroup;
			children = (
				5C2DFDDB1EDE17A7001C4A9D /* AppDelegate.swift */,
				5C2DFDDD1EDE17A7001C4A9D /* RecordSoundsViewController.swift */,
				5C2DFDDF1EDE17A7001C4A9D /* Main.storyboard */,
				5C2DFDE21EDE17A7001C4A9D /* Assets.xcassets */,
				5C2DFDE41EDE17A7001C4A9D /* LaunchScreen.storyboard */,
				5C2DFDE71EDE17A7001C4A9D /* Info.plist */,
				5C7FB15D1EEB42C400E17A47 /* playsoundsviewcontroller-audio.swift */,
				5C7FB1571EE74F1800E17A47 /* playSoundsViewController.swift */,
			);
			path = "Pitch Perfect";
			sourceTree = "<group>";
		};
/* End PBXGroup section */

/* Begin PBXNativeTarget section */
		5C2DFDD71EDE17A7001C4A9D /* Pitch Perfect */ = {
			isa = PBXNativeTarget;
			buildConfigurationList = 5C2DFDEA1EDE17A7001C4A9D /* Build configuration list for PBXNativeTarget "Pitch Perfect" */;
			buildPhases = (
				5C2DFDD41EDE17A7001C4A9D /* Sources */,
				5C2DFDD51EDE17A7001C4A9D /* Frameworks */,
				5C2DFDD61EDE17A7001C4A9D /* Resources */,
			);
			buildRules = (
			);
			dependencies = (
			);
			name = "Pitch Perfect";
			productName = "Pitch Perfect";
			productReference = 5C2DFDD81EDE17A7001C4A9D /* Pitch Perfect.app */;
			productType = "com.apple.product-type.application";
		};
/* End PBXNativeTarget section */

/* Begin PBXProject section */
		5C2DFDD01EDE17A7001C4A9D /* Project object */ = {
			isa = PBXProject;
			attributes = {
				LastSwiftUpdateCheck = 0830;
				LastUpgradeCheck = 0830;
				ORGANIZATIONNAME = "Joshua Schindler";
				TargetAttributes = {
					5C2DFDD71EDE17A7001C4A9D = {
						CreatedOnToolsVersion = 8.3.2;
						ProvisioningStyle = Automatic;
					};
				};
			};
			buildConfigurationList = 5C2DFDD31EDE17A7001C4A9D /* Build configuration list for PBXProject "Pitch Perfect" */;
			compatibilityVersion = "Xcode 3.2";
			developmentRegion = English;
			hasScannedForEncodings = 0;
			knownRegions = (
				en,
				Base,
			);
			mainGroup = 5C2DFDCF1EDE17A7001C4A9D;
			productRefGroup = 5C2DFDD91EDE17A7001C4A9D /* Products */;
			projectDirPath = "";
			projectRoot = "";
			targets = (
				5C2DFDD71EDE17A7001C4A9D /* Pitch Perfect */,
			);
		};
/* End PBXProject section */

/* Begin PBXResourcesBuildPhase section */
		5C2DFDD61EDE17A7001C4A9D /* Resources */ = {
			isa = PBXResourcesBuildPhase;
			buildActionMask = 2147483647;
			files = (
				5C2DFDE61EDE17A7001C4A9D /* LaunchScreen.storyboard in Resources */,
				5C2DFDE31EDE17A7001C4A9D /* Assets.xcassets in Resources */,
				5C2DFDE11EDE17A7001C4A9D /* Main.storyboard in Resources */,
			);
			runOnlyForDeploymentPostprocessing = 0;
		};
/* End PBXResourcesBuildPhase section */

/* Begin PBXSourcesBuildPhase section */
		5C2DFDD41EDE17A7001C4A9D /* Sources */ = {
			isa = PBXSourcesBuildPhase;
			buildActionMask = 2147483647;
			files = (
				5C7FB1581EE74F1800E17A47 /* playSoundsViewController.swift in Sources */,
				5C2DFDDE1EDE17A7001C4A9D /* RecordSoundsViewController.swift in Sources */,
				5C2DFDDC1EDE17A7001C4A9D /* AppDelegate.swift in Sources */,
				5C7FB15E1EEB42C400E17A47 /* playsoundsviewcontroller-audio.swift in Sources */,
			);
			runOnlyForDeploymentPostprocessing = 0;
		};
/* End PBXSourcesBuildPhase section */

/* Begin PBXVariantGroup section */
		5C2DFDDF1EDE17A7001C4A9D /* Main.storyboard */ = {
			isa = PBXVariantGroup;
			children = (
				5C2DFDE01EDE17A7001C4A9D /* Base */,
			);
			name = Main.storyboard;
			sourceTree = "<group>";
		};
		5C2DFDE41EDE17A7001C4A9D /* LaunchScreen.storyboard */ = {
			isa = PBXVariantGroup;
			children = (
				5C2DFDE51EDE17A7001C4A9D /* Base */,
			);
			name = LaunchScreen.storyboard;
			sourceTree = "<group>";
		};
/* End PBXVariantGroup section */

/* Begin XCBuildConfiguration section */
		5C2DFDE81EDE17A7001C4A9D /* Debug */ = {
			isa = XCBuildConfiguration;
			buildSettings = {
				ALWAYS_SEARCH_USER_PATHS = NO;
				CLANG_ANALYZER_NONNULL = YES;
				CLANG_ANALYZER_NUMBER_OBJECT_CONVERSION = YES_AGGRESSIVE;
				CLANG_CXX_LANGUAGE_STANDARD = "gnu++0x";
				CLANG_CXX_LIBRARY = "libc++";
				CLANG_ENABLE_MODULES = YES;
				CLANG_ENABLE_OBJC_ARC = YES;
				CLANG_WARN_BOOL_CONVERSION = YES;
				CLANG_WARN_CONSTANT_CONVERSION = YES;
				CLANG_WARN_DIRECT_OBJC_ISA_USAGE = YES_ERROR;
				CLANG_WARN_DOCUMENTATION_COMMENTS = YES;
				CLANG_WARN_EMPTY_BODY = YES;
				CLANG_WARN_ENUM_CONVERSION = YES;
				CLANG_WARN_INFINITE_RECURSION = YES;
				CLANG_WARN_INT_CONVERSION = YES;
				CLANG_WARN_OBJC_ROOT_CLASS = YES_ERROR;
				CLANG_WARN_SUSPICIOUS_MOVE = YES;
				CLANG_WARN_UNREACHABLE_CODE = YES;
				CLANG_WARN__DUPLICATE_METHOD_MATCH = YES;
				"CODE_SIGN_IDENTITY[sdk=iphoneos*]" = "iPhone Developer";
				COPY_PHASE_STRIP = NO;
				DEBUG_INFORMATION_FORMAT = dwarf;
				ENABLE_STRICT_OBJC_MSGSEND = YES;
				ENABLE_TESTABILITY = YES;
				GCC_C_LANGUAGE_STANDARD = gnu99;
				GCC_DYNAMIC_NO_PIC = NO;
				GCC_NO_COMMON_BLOCKS = YES;
				GCC_OPTIMIZATION_LEVEL = 0;
				GCC_PREPROCESSOR_DEFINITIONS = (
					"DEBUG=1",
					"$(inherited)",
				);
				GCC_WARN_64_TO_32_BIT_CONVERSION = YES;
				GCC_WARN_ABOUT_RETURN_TYPE = YES_ERROR;
				GCC_WARN_UNDECLARED_SELECTOR = YES;
				GCC_WARN_UNINITIALIZED_AUTOS = YES_AGGRESSIVE;
				GCC_WARN_UNUSED_FUNCTION = YES;
				GCC_WARN_UNUSED_VARIABLE = YES;
				IPHONEOS_DEPLOYMENT_TARGET = 10.3;
				MTL_ENABLE_DEBUG_INFO = YES;
				ONLY_ACTIVE_ARCH = YES;
				SDKROOT = iphoneos;
				SWIFT_ACTIVE_COMPILATION_CONDITIONS = DEBUG;
				SWIFT_OPTIMIZATION_LEVEL = "-Onone";
				TARGETED_DEVICE_FAMILY = "1,2";
			};
			name = Debug;
		};
		5C2DFDE91EDE17A7001C4A9D /* Release */ = {
			isa = XCBuildConfiguration;
			buildSettings = {
				ALWAYS_SEARCH_USER_PATHS = NO;
				CLANG_ANALYZER_NONNULL = YES;
				CLANG_ANALYZER_NUMBER_OBJECT_CONVERSION = YES_AGGRESSIVE;
				CLANG_CXX_LANGUAGE_STANDARD = "gnu++0x";
				CLANG_CXX_LIBRARY = "libc++";
				CLANG_ENABLE_MODULES = YES;
				CLANG_ENABLE_OBJC_ARC = YES;
				CLANG_WARN_BOOL_CONVERSION = YES;
				CLANG_WARN_CONSTANT_CONVERSION = YES;
				CLANG_WARN_DIRECT_OBJC_ISA_USAGE = YES_ERROR;
				CLANG_WARN_DOCUMENTATION_COMMENTS = YES;
				CLANG_WARN_EMPTY_BODY = YES;
				CLANG_WARN_ENUM_CONVERSION = YES;
				CLANG_WARN_INFINITE_RECURSION = YES;
				CLANG_WARN_INT_CONVERSION = YES;
				CLANG_WARN_OBJC_ROOT_CLASS = YES_ERROR;
				CLANG_WARN_SUSPICIOUS_MOVE = YES;
				CLANG_WARN_UNREACHABLE_CODE = YES;
				CLANG_WARN__DUPLICATE_METHOD_MATCH = YES;
				"CODE_SIGN_IDENTITY[sdk=iphoneos*]" = "iPhone Developer";
				COPY_PHASE_STRIP = NO;
				DEBUG_INFORMATION_FORMAT = "dwarf-with-dsym";
				ENABLE_NS_ASSERTIONS = NO;
				ENABLE_STRICT_OBJC_MSGSEND = YES;
				GCC_C_LANGUAGE_STANDARD = gnu99;
				GCC_NO_COMMON_BLOCKS = YES;
				GCC_WARN_64_TO_32_BIT_CONVERSION = YES;
				GCC_WARN_ABOUT_RETURN_TYPE = YES_ERROR;
				GCC_WARN_UNDECLARED_SELECTOR = YES;
				GCC_WARN_UNINITIALIZED_AUTOS = YES_AGGRESSIVE;
				GCC_WARN_UNUSED_FUNCTION = YES;
				GCC_WARN_UNUSED_VARIABLE = YES;
				IPHONEOS_DEPLOYMENT_TARGET = 10.3;
				MTL_ENABLE_DEBUG_INFO = NO;
				SDKROOT = iphoneos;
				SWIFT_OPTIMIZATION_LEVEL = "-Owholemodule";
				TARGETED_DEVICE_FAMILY = "1,2";
				VALIDATE_PRODUCT = YES;
			};
			name = Release;
		};
		5C2DFDEB1EDE17A7001C4A9D /* Debug */ = {
			isa = XCBuildConfiguration;
			buildSettings = {
				ASSETCATALOG_COMPILER_APPICON_NAME = AppIcon;
				INFOPLIST_FILE = "Pitch Perfect/Info.plist";
				LD_RUNPATH_SEARCH_PATHS = "$(inherited) @executable_path/Frameworks";
				PRODUCT_BUNDLE_IDENTIFIER = "Josh.Pitch-Perfect";
				PRODUCT_NAME = "$(TARGET_NAME)";
				SWIFT_VERSION = 3.0;
			};
			name = Debug;
		};
		5C2DFDEC1EDE17A7001C4A9D /* Release */ = {
			isa = XCBuildConfiguration;
			buildSettings = {
				ASSETCATALOG_COMPILER_APPICON_NAME = AppIcon;
				INFOPLIST_FILE = "Pitch Perfect/Info.plist";
				LD_RUNPATH_SEARCH_PATHS = "$(inherited) @executable_path/Frameworks";
				PRODUCT_BUNDLE_IDENTIFIER = "Josh.Pitch-Perfect";
				PRODUCT_NAME = "$(TARGET_NAME)";
				SWIFT_VERSION = 3.0;
			};
			name = Release;
		};
/* End XCBuildConfiguration section */

/* Begin XCConfigurationList section */
		5C2DFDD31EDE17A7001C4A9D /* Build configuration list for PBXProject "Pitch Perfect" */ = {
			isa = XCConfigurationList;
			buildConfigurations = (
				5C2DFDE81EDE17A7001C4A9D /* Debug */,
				5C2DFDE91EDE17A7001C4A9D /* Release */,
			);
			defaultConfigurationIsVisible = 0;
			defaultConfigurationName = Release;
		};
		5C2DFDEA1EDE17A7001C4A9D /* Build configuration list for PBXNativeTarget "Pitch Perfect" */ = {
			isa = XCConfigurationList;
			buildConfigurations = (
				5C2DFDEB1EDE17A7001C4A9D /* Debug */,
				5C2DFDEC1EDE17A7001C4A9D /* Release */,
			);
			defaultConfigurationIsVisible = 0;
			defaultConfigurationName = Release;
		};
/* End XCConfigurationList section */
	};
	rootObject = 5C2DFDD01EDE17A7001C4A9D /* Project object */;
}
